
Microsoft Visual Studio Solution File, Format Version 12.00
# Visual Studio Version 17
VisualStudioVersion = 17.7.34024.191
MinimumVisualStudioVersion = 10.0.40219.1
Project("{9A19103F-16F7-4668-BE54-9A1E7A4F7556}") = "DrivingSchoolApp", "DrivingShoolApp\DrivingSchoolApp.csproj", "{977B316B-15D0-46AB-9D5D-9B9F800240A3}"
EndProject
Project("{FAE04EC0-301F-11D3-BF4B-00C04F79EFBC}") = "DrivingSchoolAppTests", "DrivingSchoolAppTests\DrivingSchoolAppTests.csproj", "{BF610BED-0A72-499E-A5B1-A7B85162A09D}"
EndProject
Global
	GlobalSection(SolutionConfigurationPlatforms) = preSolution
		Debug|Any CPU = Debug|Any CPU
		Release|Any CPU = Release|Any CPU
	EndGlobalSection
	GlobalSection(ProjectConfigurationPlatforms) = postSolution
		{977B316B-15D0-46AB-9D5D-9B9F800240A3}.Debug|Any CPU.ActiveCfg = Debug|Any CPU
		{977B316B-15D0-46AB-9D5D-9B9F800240A3}.Debug|Any CPU.Build.0 = Debug|Any CPU
		{977B316B-15D0-46AB-9D5D-9B9F800240A3}.Release|Any CPU.ActiveCfg = Release|Any CPU
		{977B316B-15D0-46AB-9D5D-9B9F800240A3}.Release|Any CPU.Build.0 = Release|Any CPU
		{BF610BED-0A72-499E-A5B1-A7B85162A09D}.Debug|Any CPU.ActiveCfg = Debug|Any CPU
		{BF610BED-0A72-499E-A5B1-A7B85162A09D}.Debug|Any CPU.Build.0 = Debug|Any CPU
		{BF610BED-0A72-499E-A5B1-A7B85162A09D}.Release|Any CPU.ActiveCfg = Release|Any CPU
		{BF610BED-0A72-499E-A5B1-A7B85162A09D}.Release|Any CPU.Build.0 = Release|Any CPU
	EndGlobalSection
	GlobalSection(SolutionProperties) = preSolution
		HideSolutionNode = FALSE
	EndGlobalSection
	GlobalSection(ExtensibilityGlobals) = postSolution
		SolutionGuid = {97E2AB50-9FA1-4CFB-ABFE-302645D2568A}
	EndGlobalSection
EndGlobal
